<?xml version="1.0" encoding="utf-8"?>
<Project ToolsVersion="4.0" xmlns="http://schemas.microsoft.com/developer/msbuild/2003">
  <ItemGroup>
    <Filter Include="Source Files">
      <UniqueIdentifier>{4FC737F1-C7A5-4376-A066-2A32D752A2FF}</UniqueIdentifier>
      <Extensions>cpp;c;cc;cxx;c++;def;odl;idl;hpj;bat;asm;asmx</Extensions>
    </Filter>
    <Filter Include="Header Files">
      <UniqueIdentifier>{93995380-89BD-4b04-88EB-625FBE52EBFB}</UniqueIdentifier>
      <Extensions>h;hh;hpp;hxx;h++;hm;inl;inc;ipp;xsd</Extensions>
    </Filter>
    <Filter Include="Resource Files">
      <UniqueIdentifier>{67DA6AB6-F800-4c08-8B7A-83BB121AAD01}</UniqueIdentifier>
      <Extensions>rc;ico;cur;bmp;dlg;rc2;rct;bin;rgs;gif;jpg;jpeg;jpe;resx;tiff;tif;png;wav;mfcribbon-ms</Extensions>
    </Filter>
  </ItemGroup>
  <ItemGroup>
    <ClInclude Include="FrameWork\uC-CPU\cpu_def.h">
      <Filter>Header Files</Filter>
    </ClInclude>
    <ClInclude Include="FrameWork\uC-CPU\cpu_core.h">
      <Filter>Header Files</Filter>
    </ClInclude>
    <ClInclude Include="FrameWork\uC-CPU\Win32\Visual_Studio\cpu.h">
      <Filter>Header Files</Filter>
    </ClInclude>
    <ClInclude Include="FrameWork\uC-OS3\Ports\Win32\Visual_Studio\os_cpu.h">
      <Filter>Header Files</Filter>
    </ClInclude>
    <ClInclude Include="FrameWork\uC-OS3\Source\os.h">
      <Filter>Header Files</Filter>
    </ClInclude>
    <ClInclude Include="FrameWork\uC-OS3\Source\os_trace.h">
      <Filter>Header Files</Filter>
    </ClInclude>
    <ClInclude Include="FrameWork\uC-OS3\Source\os_type.h">
      <Filter>Header Files</Filter>
    </ClInclude>
    <ClInclude Include="FrameWork\uC-LIB\lib_def.h">
      <Filter>Header Files</Filter>
    </ClInclude>
    <ClInclude Include="App\app.h">
      <Filter>Header Files</Filter>
    </ClInclude>
    <ClInclude Include="Cfg\os_cfg_app.h">
      <Filter>Header Files</Filter>
    </ClInclude>
    <ClInclude Include="Cfg\os_app_hooks.h">
      <Filter>Header Files</Filter>
    </ClInclude>
    <ClInclude Include="Cfg\os_cfg.h">
      <Filter>Header Files</Filter>
    </ClInclude>
    <ClInclude Include="Cfg\lib_cfg.h">
      <Filter>Header Files</Filter>
    </ClInclude>
    <ClInclude Include="Cfg\cpu_cfg.h">
      <Filter>Header Files</Filter>
    </ClInclude>
    <ClInclude Include="Cfg\app_cfg.h">
      <Filter>Header Files</Filter>
    </ClInclude>
    <ClInclude Include="FrameWork\uC-LIB\lib_str.h">
      <Filter>Header Files</Filter>
    </ClInclude>
    <ClInclude Include="FrameWork\uC-LIB\lib_ascii.h">
      <Filter>Header Files</Filter>
    </ClInclude>
    <ClInclude Include="FrameWork\uC-LIB\lib_math.h">
      <Filter>Header Files</Filter>
    </ClInclude>
    <ClInclude Include="FrameWork\uC-LIB\lib_mem.h">
      <Filter>Header Files</Filter>
    </ClInclude>
    <ClInclude Include="AppCpp\AppCpp.h">
      <Filter>Header Files</Filter>
    </ClInclude>
  </ItemGroup>
  <ItemGroup>
    <ClCompile Include="FrameWork\uC-CPU\cpu_core.c">
      <Filter>Source Files</Filter>
    </ClCompile>
    <ClCompile Include="FrameWork\uC-CPU\Win32\Visual_Studio\cpu_c.c">
      <Filter>Source Files</Filter>
    </ClCompile>
    <ClCompile Include="FrameWork\uC-OS3\Ports\Win32\Visual_Studio\os_cpu_c.c">
      <Filter>Source Files</Filter>
    </ClCompile>
    <ClCompile Include="FrameWork\uC-OS3\Source\__dbg_uCOS-III.c">
      <Filter>Source Files</Filter>
    </ClCompile>
    <ClCompile Include="FrameWork\uC-OS3\Source\os_cfg_app.c">
      <Filter>Source Files</Filter>
    </ClCompile>
    <ClCompile Include="FrameWork\uC-OS3\Source\os_core.c">
      <Filter>Source Files</Filter>
    </ClCompile>
    <ClCompile Include="FrameWork\uC-OS3\Source\os_dbg.c">
      <Filter>Source Files</Filter>
    </ClCompile>
    <ClCompile Include="FrameWork\uC-OS3\Source\os_flag.c">
      <Filter>Source Files</Filter>
    </ClCompile>
    <ClCompile Include="FrameWork\uC-OS3\Source\os_mem.c">
      <Filter>Source Files</Filter>
    </ClCompile>
    <ClCompile Include="FrameWork\uC-OS3\Source\os_msg.c">
      <Filter>Source Files</Filter>
    </ClCompile>
    <ClCompile Include="FrameWork\uC-OS3\Source\os_mutex.c">
      <Filter>Source Files</Filter>
    </ClCompile>
    <ClCompile Include="FrameWork\uC-OS3\Source\os_prio.c">
      <Filter>Source Files</Filter>
    </ClCompile>
    <ClCompile Include="FrameWork\uC-OS3\Source\os_q.c">
      <Filter>Source Files</Filter>
    </ClCompile>
    <ClCompile Include="FrameWork\uC-OS3\Source\os_sem.c">
      <Filter>Source Files</Filter>
    </ClCompile>
    <ClCompile Include="FrameWork\uC-OS3\Source\os_stat.c">
      <Filter>Source Files</Filter>
    </ClCompile>
    <ClCompile Include="FrameWork\uC-OS3\Source\os_task.c">
      <Filter>Source Files</Filter>
    </ClCompile>
    <ClCompile Include="FrameWork\uC-OS3\Source\os_tick.c">
      <Filter>Source Files</Filter>
    </ClCompile>
    <ClCompile Include="FrameWork\uC-OS3\Source\os_time.c">
      <Filter>Source Files</Filter>
    </ClCompile>
    <ClCompile Include="FrameWork\uC-OS3\Source\os_tmr.c">
      <Filter>Source Files</Filter>
    </ClCompile>
    <ClCompile Include="FrameWork\uC-OS3\Source\os_var.c">
      <Filter>Source Files</Filter>
    </ClCompile>
    <ClCompile Include="App\app.c">
      <Filter>Source Files</Filter>
    </ClCompile>
    <ClCompile Include="Bsp\bsp_cpu.c">
      <Filter>Source Files</Filter>
    </ClCompile>
    <ClCompile Include="Cfg\os_app_hooks.c">
      <Filter>Source Files</Filter>
    </ClCompile>
    <ClCompile Include="FrameWork\uC-LIB\lib_ascii.c">
      <Filter>Source Files</Filter>
    </ClCompile>
    <ClCompile Include="FrameWork\uC-LIB\lib_math.c">
      <Filter>Source Files</Filter>
    </ClCompile>
    <ClCompile Include="FrameWork\uC-LIB\lib_mem.c">
      <Filter>Source Files</Filter>
    </ClCompile>
    <ClCompile Include="FrameWork\uC-LIB\lib_str.c">
      <Filter>Source Files</Filter>
    </ClCompile>
    <ClCompile Include="AppCpp\AppCpp.cpp">
      <Filter>Source Files</Filter>
    </ClCompile>
  </ItemGroup>
</Project>